
Microsoft Visual Studio Solution File, Format Version 12.00
# Visual Studio Version 17
VisualStudioVersion = 17.8.34511.84
MinimumVisualStudioVersion = 10.0.40219.1
Project("{FAE04EC0-301F-11D3-BF4B-00C04F79EFBC}") = "StockMarket_with_Social_Media_Platform", "StockMarket with Social Media Platform\StockMarket_with_Social_Media_Platform.csproj", "{D9B72C97-17E2-4DD8-B4AA-9EFD9B020C59}"
EndProject
Global
	GlobalSection(SolutionConfigurationPlatforms) = preSolution
		Debug|Any CPU = Debug|Any CPU
		Release|Any CPU = Release|Any CPU
	EndGlobalSection
	GlobalSection(ProjectConfigurationPlatforms) = postSolution
		{D9B72C97-17E2-4DD8-B4AA-9EFD9B020C59}.Debug|Any CPU.ActiveCfg = Debug|Any CPU
		{D9B72C97-17E2-4DD8-B4AA-9EFD9B020C59}.Debug|Any CPU.Build.0 = Debug|Any CPU
		{D9B72C97-17E2-4DD8-B4AA-9EFD9B020C59}.Release|Any CPU.ActiveCfg = Release|Any CPU
		{D9B72C97-17E2-4DD8-B4AA-9EFD9B020C59}.Release|Any CPU.Build.0 = Release|Any CPU
	EndGlobalSection
	GlobalSection(SolutionProperties) = preSolution
		HideSolutionNode = FALSE
	EndGlobalSection
	GlobalSection(ExtensibilityGlobals) = postSolution
		SolutionGuid = {ACD4E8B5-BF82-48C5-8381-FB6F63F3F8AC}
	EndGlobalSection
EndGlobal
